
Microsoft Visual Studio Solution File, Format Version 12.00
# Visual Studio 15
VisualStudioVersion = 15.0.27130.2026
MinimumVisualStudioVersion = 10.0.40219.1
Project("{FAE04EC0-301F-11D3-BF4B-00C04F79EFBC}") = "InterestCalculator", "InterestCalculator\InterestCalculator.csproj", "{8BC1259E-23B8-497C-BAC0-5CC2A7C618D4}"
EndProject
Project("{FAE04EC0-301F-11D3-BF4B-00C04F79EFBC}") = "InterestCalculator.Tests", "InterestCalculator.Tests\InterestCalculator.Tests.csproj", "{089E41B3-A312-4CE0-AEA6-40E31A256086}"
EndProject
Global
	GlobalSection(SolutionConfigurationPlatforms) = preSolution
		Debug|Any CPU = Debug|Any CPU
		Release|Any CPU = Release|Any CPU
	EndGlobalSection
	GlobalSection(ProjectConfigurationPlatforms) = postSolution
		{8BC1259E-23B8-497C-BAC0-5CC2A7C618D4}.Debug|Any CPU.ActiveCfg = Debug|Any CPU
		{8BC1259E-23B8-497C-BAC0-5CC2A7C618D4}.Debug|Any CPU.Build.0 = Debug|Any CPU
		{8BC1259E-23B8-497C-BAC0-5CC2A7C618D4}.Release|Any CPU.ActiveCfg = Release|Any CPU
		{8BC1259E-23B8-497C-BAC0-5CC2A7C618D4}.Release|Any CPU.Build.0 = Release|Any CPU
		{089E41B3-A312-4CE0-AEA6-40E31A256086}.Debug|Any CPU.ActiveCfg = Debug|Any CPU
		{089E41B3-A312-4CE0-AEA6-40E31A256086}.Debug|Any CPU.Build.0 = Debug|Any CPU
		{089E41B3-A312-4CE0-AEA6-40E31A256086}.Release|Any CPU.ActiveCfg = Release|Any CPU
		{089E41B3-A312-4CE0-AEA6-40E31A256086}.Release|Any CPU.Build.0 = Release|Any CPU
	EndGlobalSection
	GlobalSection(SolutionProperties) = preSolution
		HideSolutionNode = FALSE
	EndGlobalSection
	GlobalSection(ExtensibilityGlobals) = postSolution
		SolutionGuid = {D6AC87E8-382B-4AC4-845F-28A907D036E7}
	EndGlobalSection
EndGlobal
